
Microsoft Visual Studio Solution File, Format Version 12.00
# Visual Studio 15
VisualStudioVersion = 15.0.28307.2017
MinimumVisualStudioVersion = 10.0.40219.1
Project("{FAE04EC0-301F-11D3-BF4B-00C04F79EFBC}") = "SalesWebMvc", "SalesWebMvc\SalesWebMvc.csproj", "{CF4C0A76-AAFF-483A-910B-47C094D9F679}"
EndProject
Global
	GlobalSection(SolutionConfigurationPlatforms) = preSolution
		Debug|Any CPU = Debug|Any CPU
		Release|Any CPU = Release|Any CPU
	EndGlobalSection
	GlobalSection(ProjectConfigurationPlatforms) = postSolution
		{CF4C0A76-AAFF-483A-910B-47C094D9F679}.Debug|Any CPU.ActiveCfg = Debug|Any CPU
		{CF4C0A76-AAFF-483A-910B-47C094D9F679}.Debug|Any CPU.Build.0 = Debug|Any CPU
		{CF4C0A76-AAFF-483A-910B-47C094D9F679}.Release|Any CPU.ActiveCfg = Release|Any CPU
		{CF4C0A76-AAFF-483A-910B-47C094D9F679}.Release|Any CPU.Build.0 = Release|Any CPU
	EndGlobalSection
	GlobalSection(SolutionProperties) = preSolution
		HideSolutionNode = FALSE
	EndGlobalSection
	GlobalSection(ExtensibilityGlobals) = postSolution
		SolutionGuid = {B8020E61-DCE0-44FA-B237-B47AD3F690A6}
	EndGlobalSection
EndGlobal
